
Microsoft Visual Studio Solution File, Format Version 12.00
# Visual Studio 15
VisualStudioVersion = 15.0.28010.2036
MinimumVisualStudioVersion = 10.0.40219.1
Project("{F2A71F9B-5D33-465A-A702-920D77279786}") = "FEval", "FEval\FEval.fsproj", "{9F248AEC-AB61-40B7-9471-1F5980DC9446}"
EndProject
Project("{F2A71F9B-5D33-465A-A702-920D77279786}") = "FEval.Tests", "FEval.Tests\FEval.Tests.fsproj", "{5318E8C9-8608-44B1-B877-90BE96453F14}"
EndProject
Global
	GlobalSection(SolutionConfigurationPlatforms) = preSolution
		Debug|Any CPU = Debug|Any CPU
		Release|Any CPU = Release|Any CPU
	EndGlobalSection
	GlobalSection(ProjectConfigurationPlatforms) = postSolution
		{9F248AEC-AB61-40B7-9471-1F5980DC9446}.Debug|Any CPU.ActiveCfg = Debug|Any CPU
		{9F248AEC-AB61-40B7-9471-1F5980DC9446}.Debug|Any CPU.Build.0 = Debug|Any CPU
		{9F248AEC-AB61-40B7-9471-1F5980DC9446}.Release|Any CPU.ActiveCfg = Release|Any CPU
		{9F248AEC-AB61-40B7-9471-1F5980DC9446}.Release|Any CPU.Build.0 = Release|Any CPU
		{5318E8C9-8608-44B1-B877-90BE96453F14}.Debug|Any CPU.ActiveCfg = Debug|Any CPU
		{5318E8C9-8608-44B1-B877-90BE96453F14}.Debug|Any CPU.Build.0 = Debug|Any CPU
		{5318E8C9-8608-44B1-B877-90BE96453F14}.Release|Any CPU.ActiveCfg = Release|Any CPU
		{5318E8C9-8608-44B1-B877-90BE96453F14}.Release|Any CPU.Build.0 = Release|Any CPU
	EndGlobalSection
	GlobalSection(SolutionProperties) = preSolution
		HideSolutionNode = FALSE
	EndGlobalSection
	GlobalSection(ExtensibilityGlobals) = postSolution
		SolutionGuid = {2D358B9C-EB3B-48B1-A791-918DCF4BA69E}
	EndGlobalSection
EndGlobal
